{
  "name": "docoolthing",
  "version": "1.0.1",
  "lockfileVersion": 1,
  "requires": true,
  "dependencies": {
    "tns-core-modules": {
      "version": "5.3.1",
      "resolved": "https://registry.npmjs.org/tns-core-modules/-/tns-core-modules-5.3.1.tgz",
      "integrity": "sha512-b1zBFr+LTxnUe+jxMqyfjHYXKqbECT/YNqtxmJpbma9P+gqPTfFJ1eFWU+yVNQVDIQhZ/Wy8P56H6cm99nmYoQ==",
      "requires": {
        "tns-core-modules-widgets": "5.3.0",
        "tslib": "^1.9.3"
      }
    },
    "tns-core-modules-widgets": {
      "version": "5.3.0",
      "resolved": "https://registry.npmjs.org/tns-core-modules-widgets/-/tns-core-modules-widgets-5.3.0.tgz",
      "integrity": "sha512-mR8Pof0NhMRhPYcshQ54WyPrlbrqmTgrwxALtF1485fbCAHblz/2DqU7yGmTgC5LNdV7yhNeHYouoYg3TYOZbA=="
    },
    "tslib": {
      "version": "1.9.3",
      "resolved": "https://registry.npmjs.org/tslib/-/tslib-1.9.3.tgz",
      "integrity": "sha512-4krF8scpejhaOgqzBEcGM7yDIEfi0/8+8zDRZhNZZ2kjmHJ4hv3zCbQWxoJGz1iw5U0Jl0nma13xzHXcncMavQ=="
    }
  }
}
